
Microsoft Visual Studio Solution File, Format Version 12.00
# Visual Studio Version 16
VisualStudioVersion = 16.0.30907.101
MinimumVisualStudioVersion = 10.0.40219.1
Project("{FAE04EC0-301F-11D3-BF4B-00C04F79EFBC}") = "Accredit.Ui", "Accredit.Ui\Accredit.Ui.csproj", "{90AA0312-DEA6-4E31-A043-A3D261F94AAE}"
EndProject
Project("{FAE04EC0-301F-11D3-BF4B-00C04F79EFBC}") = "Accredit.Domain", "Accredit.Domain\Accredit.Domain.csproj", "{BC621087-CFDA-42E4-8448-A14AC9F57E99}"
EndProject
Project("{FAE04EC0-301F-11D3-BF4B-00C04F79EFBC}") = "Accredit.Core", "Accredit.Core\Accredit.Core.csproj", "{2092D188-57A3-4AD3-8DAB-A26AC49E5F9E}"
EndProject
Project("{FAE04EC0-301F-11D3-BF4B-00C04F79EFBC}") = "Accredit.Ui.Tests", "Accredit.Ui.Tests\Accredit.Ui.Tests.csproj", "{466827BC-1C9C-4085-B2AA-7135C6C28214}"
EndProject
Project("{FAE04EC0-301F-11D3-BF4B-00C04F79EFBC}") = "Accredit.Shared", "Accredit.Shared\Accredit.Shared.csproj", "{5F419985-58EC-48B9-93B0-9DF21CA32F6F}"
EndProject
Global
	GlobalSection(SolutionConfigurationPlatforms) = preSolution
		Debug|Any CPU = Debug|Any CPU
		Release|Any CPU = Release|Any CPU
	EndGlobalSection
	GlobalSection(ProjectConfigurationPlatforms) = postSolution
		{90AA0312-DEA6-4E31-A043-A3D261F94AAE}.Debug|Any CPU.ActiveCfg = Debug|Any CPU
		{90AA0312-DEA6-4E31-A043-A3D261F94AAE}.Debug|Any CPU.Build.0 = Debug|Any CPU
		{90AA0312-DEA6-4E31-A043-A3D261F94AAE}.Release|Any CPU.ActiveCfg = Release|Any CPU
		{90AA0312-DEA6-4E31-A043-A3D261F94AAE}.Release|Any CPU.Build.0 = Release|Any CPU
		{BC621087-CFDA-42E4-8448-A14AC9F57E99}.Debug|Any CPU.ActiveCfg = Debug|Any CPU
		{BC621087-CFDA-42E4-8448-A14AC9F57E99}.Debug|Any CPU.Build.0 = Debug|Any CPU
		{BC621087-CFDA-42E4-8448-A14AC9F57E99}.Release|Any CPU.ActiveCfg = Release|Any CPU
		{BC621087-CFDA-42E4-8448-A14AC9F57E99}.Release|Any CPU.Build.0 = Release|Any CPU
		{2092D188-57A3-4AD3-8DAB-A26AC49E5F9E}.Debug|Any CPU.ActiveCfg = Debug|Any CPU
		{2092D188-57A3-4AD3-8DAB-A26AC49E5F9E}.Debug|Any CPU.Build.0 = Debug|Any CPU
		{2092D188-57A3-4AD3-8DAB-A26AC49E5F9E}.Release|Any CPU.ActiveCfg = Release|Any CPU
		{2092D188-57A3-4AD3-8DAB-A26AC49E5F9E}.Release|Any CPU.Build.0 = Release|Any CPU
		{466827BC-1C9C-4085-B2AA-7135C6C28214}.Debug|Any CPU.ActiveCfg = Debug|Any CPU
		{466827BC-1C9C-4085-B2AA-7135C6C28214}.Debug|Any CPU.Build.0 = Debug|Any CPU
		{466827BC-1C9C-4085-B2AA-7135C6C28214}.Release|Any CPU.ActiveCfg = Release|Any CPU
		{466827BC-1C9C-4085-B2AA-7135C6C28214}.Release|Any CPU.Build.0 = Release|Any CPU
		{5F419985-58EC-48B9-93B0-9DF21CA32F6F}.Debug|Any CPU.ActiveCfg = Debug|Any CPU
		{5F419985-58EC-48B9-93B0-9DF21CA32F6F}.Debug|Any CPU.Build.0 = Debug|Any CPU
		{5F419985-58EC-48B9-93B0-9DF21CA32F6F}.Release|Any CPU.ActiveCfg = Release|Any CPU
		{5F419985-58EC-48B9-93B0-9DF21CA32F6F}.Release|Any CPU.Build.0 = Release|Any CPU
	EndGlobalSection
	GlobalSection(SolutionProperties) = preSolution
		HideSolutionNode = FALSE
	EndGlobalSection
	GlobalSection(ExtensibilityGlobals) = postSolution
		SolutionGuid = {44DA3F01-1D0D-4B89-AF97-DFFBD2B995E8}
	EndGlobalSection
EndGlobal
